
Microsoft Visual Studio Solution File, Format Version 12.00
# Visual Studio 15
VisualStudioVersion = 15.0.28307.136
MinimumVisualStudioVersion = 10.0.40219.1
Project("{FAE04EC0-301F-11D3-BF4B-00C04F79EFBC}") = "DateTimeExercises", "DateTimeExercises\DateTimeExercises.csproj", "{BD3173BF-9A52-486E-81E3-0D12FCD39182}"
EndProject
Project("{FAE04EC0-301F-11D3-BF4B-00C04F79EFBC}") = "DateProps", "DateProps\DateProps.csproj", "{8FD6F30B-EA7A-4241-826E-EA07BA3EAF2B}"
EndProject
Project("{FAE04EC0-301F-11D3-BF4B-00C04F79EFBC}") = "SpecificDayOfDate", "SpecificDayOfDate\SpecificDayOfDate.csproj", "{FD35B8AE-A2CC-4CAA-A2B9-0E0638CA2C58}"
EndProject
Project("{FAE04EC0-301F-11D3-BF4B-00C04F79EFBC}") = "NoOfDaysInYear", "NoOfDaysInYear\NoOfDaysInYear.csproj", "{3C80930C-6233-4E7B-BD93-290466532209}"
EndProject
Project("{FAE04EC0-301F-11D3-BF4B-00C04F79EFBC}") = "LocalUtc", "LocalUtc\LocalUtc.csproj", "{30740A76-2828-4B9F-BB9E-09BA7FBECA39}"
EndProject
Global
	GlobalSection(SolutionConfigurationPlatforms) = preSolution
		Debug|Any CPU = Debug|Any CPU
		Release|Any CPU = Release|Any CPU
	EndGlobalSection
	GlobalSection(ProjectConfigurationPlatforms) = postSolution
		{BD3173BF-9A52-486E-81E3-0D12FCD39182}.Debug|Any CPU.ActiveCfg = Debug|Any CPU
		{BD3173BF-9A52-486E-81E3-0D12FCD39182}.Debug|Any CPU.Build.0 = Debug|Any CPU
		{BD3173BF-9A52-486E-81E3-0D12FCD39182}.Release|Any CPU.ActiveCfg = Release|Any CPU
		{BD3173BF-9A52-486E-81E3-0D12FCD39182}.Release|Any CPU.Build.0 = Release|Any CPU
		{8FD6F30B-EA7A-4241-826E-EA07BA3EAF2B}.Debug|Any CPU.ActiveCfg = Debug|Any CPU
		{8FD6F30B-EA7A-4241-826E-EA07BA3EAF2B}.Debug|Any CPU.Build.0 = Debug|Any CPU
		{8FD6F30B-EA7A-4241-826E-EA07BA3EAF2B}.Release|Any CPU.ActiveCfg = Release|Any CPU
		{8FD6F30B-EA7A-4241-826E-EA07BA3EAF2B}.Release|Any CPU.Build.0 = Release|Any CPU
		{FD35B8AE-A2CC-4CAA-A2B9-0E0638CA2C58}.Debug|Any CPU.ActiveCfg = Debug|Any CPU
		{FD35B8AE-A2CC-4CAA-A2B9-0E0638CA2C58}.Debug|Any CPU.Build.0 = Debug|Any CPU
		{FD35B8AE-A2CC-4CAA-A2B9-0E0638CA2C58}.Release|Any CPU.ActiveCfg = Release|Any CPU
		{FD35B8AE-A2CC-4CAA-A2B9-0E0638CA2C58}.Release|Any CPU.Build.0 = Release|Any CPU
		{3C80930C-6233-4E7B-BD93-290466532209}.Debug|Any CPU.ActiveCfg = Debug|Any CPU
		{3C80930C-6233-4E7B-BD93-290466532209}.Debug|Any CPU.Build.0 = Debug|Any CPU
		{3C80930C-6233-4E7B-BD93-290466532209}.Release|Any CPU.ActiveCfg = Release|Any CPU
		{3C80930C-6233-4E7B-BD93-290466532209}.Release|Any CPU.Build.0 = Release|Any CPU
		{30740A76-2828-4B9F-BB9E-09BA7FBECA39}.Debug|Any CPU.ActiveCfg = Debug|Any CPU
		{30740A76-2828-4B9F-BB9E-09BA7FBECA39}.Debug|Any CPU.Build.0 = Debug|Any CPU
		{30740A76-2828-4B9F-BB9E-09BA7FBECA39}.Release|Any CPU.ActiveCfg = Release|Any CPU
		{30740A76-2828-4B9F-BB9E-09BA7FBECA39}.Release|Any CPU.Build.0 = Release|Any CPU
	EndGlobalSection
	GlobalSection(SolutionProperties) = preSolution
		HideSolutionNode = FALSE
	EndGlobalSection
	GlobalSection(ExtensibilityGlobals) = postSolution
		SolutionGuid = {A4A78384-6415-46FB-AB5B-BB79132BA390}
	EndGlobalSection
EndGlobal
